
Microsoft Visual Studio Solution File, Format Version 12.00
# Visual Studio Version 16
VisualStudioVersion = 16.0.29418.71
MinimumVisualStudioVersion = 10.0.40219.1
Project("{FAE04EC0-301F-11D3-BF4B-00C04F79EFBC}") = "Scheduler", "Scheduler\Scheduler.csproj", "{83DB5530-4AD9-4DD2-959E-66E5B2FD6E2D}"
EndProject
Global
	GlobalSection(SolutionConfigurationPlatforms) = preSolution
		Debug|Any CPU = Debug|Any CPU
		Release|Any CPU = Release|Any CPU
	EndGlobalSection
	GlobalSection(ProjectConfigurationPlatforms) = postSolution
		{83DB5530-4AD9-4DD2-959E-66E5B2FD6E2D}.Debug|Any CPU.ActiveCfg = Debug|Any CPU
		{83DB5530-4AD9-4DD2-959E-66E5B2FD6E2D}.Debug|Any CPU.Build.0 = Debug|Any CPU
		{83DB5530-4AD9-4DD2-959E-66E5B2FD6E2D}.Release|Any CPU.ActiveCfg = Release|Any CPU
		{83DB5530-4AD9-4DD2-959E-66E5B2FD6E2D}.Release|Any CPU.Build.0 = Release|Any CPU
	EndGlobalSection
	GlobalSection(SolutionProperties) = preSolution
		HideSolutionNode = FALSE
	EndGlobalSection
	GlobalSection(ExtensibilityGlobals) = postSolution
		SolutionGuid = {8A08A5F2-F635-4EFD-8F56-DBE73968F053}
	EndGlobalSection
EndGlobal
